
Microsoft Visual Studio Solution File, Format Version 12.00
# Visual Studio 15
VisualStudioVersion = 15.0.26430.14
MinimumVisualStudioVersion = 10.0.40219.1
Project("{FAE04EC0-301F-11D3-BF4B-00C04F79EFBC}") = "Shapes", "InterfacesAndAbstraction\Shapes.csproj", "{C9DFFBD1-B6C7-4E27-B41A-F24D02947E75}"
EndProject
Project("{FAE04EC0-301F-11D3-BF4B-00C04F79EFBC}") = "Car", "Car\Car.csproj", "{6D62E758-04D4-444A-9B69-4934876DD465}"
EndProject
Project("{FAE04EC0-301F-11D3-BF4B-00C04F79EFBC}") = "DefineIPerson", "DefineIPerson\DefineIPerson.csproj", "{65CB760A-AD45-498E-8809-6DAB4F83840C}"
EndProject
Project("{FAE04EC0-301F-11D3-BF4B-00C04F79EFBC}") = "Ferrari", "Ferrari\Ferrari.csproj", "{A197E5F4-CAA7-485F-A305-6A8E700E9B29}"
EndProject
Project("{FAE04EC0-301F-11D3-BF4B-00C04F79EFBC}") = "Telephony", "Telephony\Telephony.csproj", "{43620C0A-B30D-4F4E-BC3D-FA6A115BA583}"
EndProject
Project("{FAE04EC0-301F-11D3-BF4B-00C04F79EFBC}") = "BorderControl2", "BorderControl2\BorderControl2.csproj", "{44AA71DF-9401-469C-BA28-4384141DC159}"
EndProject
Project("{FAE04EC0-301F-11D3-BF4B-00C04F79EFBC}") = "BirthdayCelebrations", "BirthdayCelebrations\BirthdayCelebrations.csproj", "{EAB1A21B-0FE0-47D0-9177-9DFE22D25FF6}"
EndProject
Project("{FAE04EC0-301F-11D3-BF4B-00C04F79EFBC}") = "FoodShortage", "FoodShortage\FoodShortage.csproj", "{203CAFD9-67BB-4B35-A568-BF7B17DA6D5F}"
EndProject
Global
	GlobalSection(SolutionConfigurationPlatforms) = preSolution
		Debug|Any CPU = Debug|Any CPU
		Release|Any CPU = Release|Any CPU
	EndGlobalSection
	GlobalSection(ProjectConfigurationPlatforms) = postSolution
		{C9DFFBD1-B6C7-4E27-B41A-F24D02947E75}.Debug|Any CPU.ActiveCfg = Debug|Any CPU
		{C9DFFBD1-B6C7-4E27-B41A-F24D02947E75}.Debug|Any CPU.Build.0 = Debug|Any CPU
		{C9DFFBD1-B6C7-4E27-B41A-F24D02947E75}.Release|Any CPU.ActiveCfg = Release|Any CPU
		{C9DFFBD1-B6C7-4E27-B41A-F24D02947E75}.Release|Any CPU.Build.0 = Release|Any CPU
		{6D62E758-04D4-444A-9B69-4934876DD465}.Debug|Any CPU.ActiveCfg = Debug|Any CPU
		{6D62E758-04D4-444A-9B69-4934876DD465}.Debug|Any CPU.Build.0 = Debug|Any CPU
		{6D62E758-04D4-444A-9B69-4934876DD465}.Release|Any CPU.ActiveCfg = Release|Any CPU
		{6D62E758-04D4-444A-9B69-4934876DD465}.Release|Any CPU.Build.0 = Release|Any CPU
		{65CB760A-AD45-498E-8809-6DAB4F83840C}.Debug|Any CPU.ActiveCfg = Debug|Any CPU
		{65CB760A-AD45-498E-8809-6DAB4F83840C}.Debug|Any CPU.Build.0 = Debug|Any CPU
		{65CB760A-AD45-498E-8809-6DAB4F83840C}.Release|Any CPU.ActiveCfg = Release|Any CPU
		{65CB760A-AD45-498E-8809-6DAB4F83840C}.Release|Any CPU.Build.0 = Release|Any CPU
		{A197E5F4-CAA7-485F-A305-6A8E700E9B29}.Debug|Any CPU.ActiveCfg = Debug|Any CPU
		{A197E5F4-CAA7-485F-A305-6A8E700E9B29}.Debug|Any CPU.Build.0 = Debug|Any CPU
		{A197E5F4-CAA7-485F-A305-6A8E700E9B29}.Release|Any CPU.ActiveCfg = Release|Any CPU
		{A197E5F4-CAA7-485F-A305-6A8E700E9B29}.Release|Any CPU.Build.0 = Release|Any CPU
		{43620C0A-B30D-4F4E-BC3D-FA6A115BA583}.Debug|Any CPU.ActiveCfg = Debug|Any CPU
		{43620C0A-B30D-4F4E-BC3D-FA6A115BA583}.Debug|Any CPU.Build.0 = Debug|Any CPU
		{43620C0A-B30D-4F4E-BC3D-FA6A115BA583}.Release|Any CPU.ActiveCfg = Release|Any CPU
		{43620C0A-B30D-4F4E-BC3D-FA6A115BA583}.Release|Any CPU.Build.0 = Release|Any CPU
		{44AA71DF-9401-469C-BA28-4384141DC159}.Debug|Any CPU.ActiveCfg = Debug|Any CPU
		{44AA71DF-9401-469C-BA28-4384141DC159}.Debug|Any CPU.Build.0 = Debug|Any CPU
		{44AA71DF-9401-469C-BA28-4384141DC159}.Release|Any CPU.ActiveCfg = Release|Any CPU
		{44AA71DF-9401-469C-BA28-4384141DC159}.Release|Any CPU.Build.0 = Release|Any CPU
		{EAB1A21B-0FE0-47D0-9177-9DFE22D25FF6}.Debug|Any CPU.ActiveCfg = Debug|Any CPU
		{EAB1A21B-0FE0-47D0-9177-9DFE22D25FF6}.Debug|Any CPU.Build.0 = Debug|Any CPU
		{EAB1A21B-0FE0-47D0-9177-9DFE22D25FF6}.Release|Any CPU.ActiveCfg = Release|Any CPU
		{EAB1A21B-0FE0-47D0-9177-9DFE22D25FF6}.Release|Any CPU.Build.0 = Release|Any CPU
		{203CAFD9-67BB-4B35-A568-BF7B17DA6D5F}.Debug|Any CPU.ActiveCfg = Debug|Any CPU
		{203CAFD9-67BB-4B35-A568-BF7B17DA6D5F}.Debug|Any CPU.Build.0 = Debug|Any CPU
		{203CAFD9-67BB-4B35-A568-BF7B17DA6D5F}.Release|Any CPU.ActiveCfg = Release|Any CPU
		{203CAFD9-67BB-4B35-A568-BF7B17DA6D5F}.Release|Any CPU.Build.0 = Release|Any CPU
	EndGlobalSection
	GlobalSection(SolutionProperties) = preSolution
		HideSolutionNode = FALSE
	EndGlobalSection
EndGlobal
